
Microsoft Visual Studio Solution File, Format Version 12.00
# Visual Studio Version 16
VisualStudioVersion = 16.0.29411.108
MinimumVisualStudioVersion = 10.0.40219.1
Project("{F184B08F-C81C-45F6-A57F-5ABD9991F28F}") = "Flash Player 2", "Flash Player 2\Flash Player 2.vbproj", "{2B8D0544-599B-4694-A0BF-03F1BDD2FCDC}"
EndProject
Project("{54435603-DBB4-11D2-8724-00A0C9A8B90C}") = "FlashPlayerSetup", "FlashPlayerSetup\FlashPlayerSetup.vdproj", "{773A3029-EE22-4E6C-ABA9-ED123FA72513}"
EndProject
Global
	GlobalSection(SolutionConfigurationPlatforms) = preSolution
		Debug|Any CPU = Debug|Any CPU
		Debug|x64 = Debug|x64
		Debug|x86 = Debug|x86
		Release|Any CPU = Release|Any CPU
		Release|x64 = Release|x64
		Release|x86 = Release|x86
	EndGlobalSection
	GlobalSection(ProjectConfigurationPlatforms) = postSolution
		{2B8D0544-599B-4694-A0BF-03F1BDD2FCDC}.Debug|Any CPU.ActiveCfg = Debug|Any CPU
		{2B8D0544-599B-4694-A0BF-03F1BDD2FCDC}.Debug|Any CPU.Build.0 = Debug|Any CPU
		{2B8D0544-599B-4694-A0BF-03F1BDD2FCDC}.Debug|x64.ActiveCfg = Debug|x64
		{2B8D0544-599B-4694-A0BF-03F1BDD2FCDC}.Debug|x64.Build.0 = Debug|x64
		{2B8D0544-599B-4694-A0BF-03F1BDD2FCDC}.Debug|x86.ActiveCfg = Debug|x86
		{2B8D0544-599B-4694-A0BF-03F1BDD2FCDC}.Debug|x86.Build.0 = Debug|x86
		{2B8D0544-599B-4694-A0BF-03F1BDD2FCDC}.Release|Any CPU.ActiveCfg = Release|Any CPU
		{2B8D0544-599B-4694-A0BF-03F1BDD2FCDC}.Release|Any CPU.Build.0 = Release|Any CPU
		{2B8D0544-599B-4694-A0BF-03F1BDD2FCDC}.Release|x64.ActiveCfg = Release|Any CPU
		{2B8D0544-599B-4694-A0BF-03F1BDD2FCDC}.Release|x64.Build.0 = Release|Any CPU
		{2B8D0544-599B-4694-A0BF-03F1BDD2FCDC}.Release|x86.ActiveCfg = Release|Any CPU
		{2B8D0544-599B-4694-A0BF-03F1BDD2FCDC}.Release|x86.Build.0 = Release|Any CPU
		{773A3029-EE22-4E6C-ABA9-ED123FA72513}.Debug|Any CPU.ActiveCfg = Debug
		{773A3029-EE22-4E6C-ABA9-ED123FA72513}.Debug|x64.ActiveCfg = Debug
		{773A3029-EE22-4E6C-ABA9-ED123FA72513}.Debug|x86.ActiveCfg = Debug
		{773A3029-EE22-4E6C-ABA9-ED123FA72513}.Release|Any CPU.ActiveCfg = Release
		{773A3029-EE22-4E6C-ABA9-ED123FA72513}.Release|x64.ActiveCfg = Release
		{773A3029-EE22-4E6C-ABA9-ED123FA72513}.Release|x86.ActiveCfg = Release
	EndGlobalSection
	GlobalSection(SolutionProperties) = preSolution
		HideSolutionNode = FALSE
	EndGlobalSection
	GlobalSection(ExtensibilityGlobals) = postSolution
		SolutionGuid = {B8E90DD2-7597-470E-A466-B54AA8BDF84C}
	EndGlobalSection
EndGlobal
